
Microsoft Visual Studio Solution File, Format Version 12.00
# Visual Studio Version 17
VisualStudioVersion = 17.0.32126.317
MinimumVisualStudioVersion = 10.0.40219.1
Project("{FAE04EC0-301F-11D3-BF4B-00C04F79EFBC}") = "calculadoraherencia", "calculadoraherencia.csproj", "{98B8EBE1-4428-4B37-9315-F073FEFD11F4}"
EndProject
Global
	GlobalSection(SolutionConfigurationPlatforms) = preSolution
		Debug|Any CPU = Debug|Any CPU
		Release|Any CPU = Release|Any CPU
	EndGlobalSection
	GlobalSection(ProjectConfigurationPlatforms) = postSolution
		{98B8EBE1-4428-4B37-9315-F073FEFD11F4}.Debug|Any CPU.ActiveCfg = Debug|Any CPU
		{98B8EBE1-4428-4B37-9315-F073FEFD11F4}.Debug|Any CPU.Build.0 = Debug|Any CPU
		{98B8EBE1-4428-4B37-9315-F073FEFD11F4}.Release|Any CPU.ActiveCfg = Release|Any CPU
		{98B8EBE1-4428-4B37-9315-F073FEFD11F4}.Release|Any CPU.Build.0 = Release|Any CPU
	EndGlobalSection
	GlobalSection(SolutionProperties) = preSolution
		HideSolutionNode = FALSE
	EndGlobalSection
	GlobalSection(ExtensibilityGlobals) = postSolution
		SolutionGuid = {1B308CFA-759E-4D03-BDD5-9D9DBB150C57}
	EndGlobalSection
EndGlobal
